// !$*UTF8*$!
{
	archiveVersion = 1;
	classes = {
	};
	objectVersion = 55;
	objects = {

/* Begin PBXBuildFile section */
		848F61E828F5AB4F000E6F07 /* AppDelegate.swift in Sources */ = {isa = PBXBuildFile; fileRef = 848F61E728F5AB4F000E6F07 /* AppDelegate.swift */; };
		848F61EA28F5AB4F000E6F07 /* SceneDelegate.swift in Sources */ = {isa = PBXBuildFile; fileRef = 848F61E928F5AB4F000E6F07 /* SceneDelegate.swift */; };
		848F61EC28F5AB4F000E6F07 /* ViewController.swift in Sources */ = {isa = PBXBuildFile; fileRef = 848F61EB28F5AB4F000E6F07 /* ViewController.swift */; };
		848F61EF28F5AB4F000E6F07 /* Main.storyboard in Resources */ = {isa = PBXBuildFile; fileRef = 848F61ED28F5AB4F000E6F07 /* Main.storyboard */; };
		848F61F128F5AB50000E6F07 /* Assets.xcassets in Resources */ = {isa = PBXBuildFile; fileRef = 848F61F028F5AB50000E6F07 /* Assets.xcassets */; };
		848F61F428F5AB50000E6F07 /* LaunchScreen.storyboard in Resources */ = {isa = PBXBuildFile; fileRef = 848F61F228F5AB50000E6F07 /* LaunchScreen.storyboard */; };
		848F61FF28F5AB50000E6F07 /* BOYATests.swift in Sources */ = {isa = PBXBuildFile; fileRef = 848F61FE28F5AB50000E6F07 /* BOYATests.swift */; };
		848F620928F5AB50000E6F07 /* BOYAUITests.swift in Sources */ = {isa = PBXBuildFile; fileRef = 848F620828F5AB50000E6F07 /* BOYAUITests.swift */; };
		848F620B28F5AB50000E6F07 /* BOYAUITestsLaunchTests.swift in Sources */ = {isa = PBXBuildFile; fileRef = 848F620A28F5AB50000E6F07 /* BOYAUITestsLaunchTests.swift */; };
/* End PBXBuildFile section */

/* Begin PBXContainerItemProxy section */
		848F61FB28F5AB50000E6F07 /* PBXContainerItemProxy */ = {
			isa = PBXContainerItemProxy;
			containerPortal = 848F61DC28F5AB4F000E6F07 /* Project object */;
			proxyType = 1;
			remoteGlobalIDString = 848F61E328F5AB4F000E6F07;
			remoteInfo = BOYA;
		};
		848F620528F5AB50000E6F07 /* PBXContainerItemProxy */ = {
			isa = PBXContainerItemProxy;
			containerPortal = 848F61DC28F5AB4F000E6F07 /* Project object */;
			proxyType = 1;
			remoteGlobalIDString = 848F61E328F5AB4F000E6F07;
			remoteInfo = BOYA;
		};
/* End PBXContainerItemProxy section */

/* Begin PBXFileReference section */
		848F61E428F5AB4F000E6F07 /* BOYA.app */ = {isa = PBXFileReference; explicitFileType = wrapper.application; includeInIndex = 0; path = BOYA.app; sourceTree = BUILT_PRODUCTS_DIR; };
		848F61E728F5AB4F000E6F07 /* AppDelegate.swift */ = {isa = PBXFileReference; lastKnownFileType = sourcecode.swift; path = AppDelegate.swift; sourceTree = "<group>"; };
		848F61E928F5AB4F000E6F07 /* SceneDelegate.swift */ = {isa = PBXFileReference; lastKnownFileType = sourcecode.swift; path = SceneDelegate.swift; sourceTree = "<group>"; };
		848F61EB28F5AB4F000E6F07 /* ViewController.swift */ = {isa = PBXFileReference; lastKnownFileType = sourcecode.swift; path = ViewController.swift; sourceTree = "<group>"; };
		848F61EE28F5AB4F000E6F07 /* Base */ = {isa = PBXFileReference; lastKnownFileType = file.storyboard; name = Base; path = Base.lproj/Main.storyboard; sourceTree = "<group>"; };
		848F61F028F5AB50000E6F07 /* Assets.xcassets */ = {isa = PBXFileReference; lastKnownFileType = folder.assetcatalog; path = Assets.xcassets; sourceTree = "<group>"; };
		848F61F328F5AB50000E6F07 /* Base */ = {isa = PBXFileReference; lastKnownFileType = file.storyboard; name = Base; path = Base.lproj/LaunchScreen.storyboard; sourceTree = "<group>"; };
		848F61F528F5AB50000E6F07 /* Info.plist */ = {isa = PBXFileReference; lastKnownFileType = text.plist.xml; path = Info.plist; sourceTree = "<group>"; };
		848F61FA28F5AB50000E6F07 /* BOYATests.xctest */ = {isa = PBXFileReference; explicitFileType = wrapper.cfbundle; includeInIndex = 0; path = BOYATests.xctest; sourceTree = BUILT_PRODUCTS_DIR; };
		848F61FE28F5AB50000E6F07 /* BOYATests.swift */ = {isa = PBXFileReference; lastKnownFileType = sourcecode.swift; path = BOYATests.swift; sourceTree = "<group>"; };
		848F620428F5AB50000E6F07 /* BOYAUITests.xctest */ = {isa = PBXFileReference; explicitFileType = wrapper.cfbundle; includeInIndex = 0; path = BOYAUITests.xctest; sourceTree = BUILT_PRODUCTS_DIR; };
		848F620828F5AB50000E6F07 /* BOYAUITests.swift */ = {isa = PBXFileReference; lastKnownFileType = sourcecode.swift; path = BOYAUITests.swift; sourceTree = "<group>"; };
		848F620A28F5AB50000E6F07 /* BOYAUITestsLaunchTests.swift */ = {isa = PBXFileReference; lastKnownFileType = sourcecode.swift; path = BOYAUITestsLaunchTests.swift; sourceTree = "<group>"; };
/* End PBXFileReference section */

/* Begin PBXFrameworksBuildPhase section */
		848F61E128F5AB4F000E6F07 /* Frameworks */ = {
			isa = PBXFrameworksBuildPhase;
			buildActionMask = 2147483647;
			files = (
			);
			runOnlyForDeploymentPostprocessing = 0;
		};
		848F61F728F5AB50000E6F07 /* Frameworks */ = {
			isa = PBXFrameworksBuildPhase;
			buildActionMask = 2147483647;
			files = (
			);
			runOnlyForDeploymentPostprocessing = 0;
		};
		848F620128F5AB50000E6F07 /* Frameworks */ = {
			isa = PBXFrameworksBuildPhase;
			buildActionMask = 2147483647;
			files = (
			);
			runOnlyForDeploymentPostprocessing = 0;
		};
/* End PBXFrameworksBuildPhase section */

/* Begin PBXGroup section */
		848F61DB28F5AB4F000E6F07 = {
			isa = PBXGroup;
			children = (
				848F61E628F5AB4F000E6F07 /* BOYA */,
				848F61FD28F5AB50000E6F07 /* BOYATests */,
				848F620728F5AB50000E6F07 /* BOYAUITests */,
				848F61E528F5AB4F000E6F07 /* Products */,
			);
			sourceTree = "<group>";
		};
		848F61E528F5AB4F000E6F07 /* Products */ = {
			isa = PBXGroup;
			children = (
				848F61E428F5AB4F000E6F07 /* BOYA.app */,
				848F61FA28F5AB50000E6F07 /* BOYATests.xctest */,
				848F620428F5AB50000E6F07 /* BOYAUITests.xctest */,
			);
			name = Products;
			sourceTree = "<group>";
		};
		848F61E628F5AB4F000E6F07 /* BOYA */ = {
			isa = PBXGroup;
			children = (
				848F61E728F5AB4F000E6F07 /* AppDelegate.swift */,
				848F61E928F5AB4F000E6F07 /* SceneDelegate.swift */,
				848F61EB28F5AB4F000E6F07 /* ViewController.swift */,
				848F61ED28F5AB4F000E6F07 /* Main.storyboard */,
				848F61F028F5AB50000E6F07 /* Assets.xcassets */,
				848F61F228F5AB50000E6F07 /* LaunchScreen.storyboard */,
				848F61F528F5AB50000E6F07 /* Info.plist */,
			);
			path = BOYA;
			sourceTree = "<group>";
		};
		848F61FD28F5AB50000E6F07 /* BOYATests */ = {
			isa = PBXGroup;
			children = (
				848F61FE28F5AB50000E6F07 /* BOYATests.swift */,
			);
			path = BOYATests;
			sourceTree = "<group>";
		};
		848F620728F5AB50000E6F07 /* BOYAUITests */ = {
			isa = PBXGroup;
			children = (
				848F620828F5AB50000E6F07 /* BOYAUITests.swift */,
				848F620A28F5AB50000E6F07 /* BOYAUITestsLaunchTests.swift */,
			);
			path = BOYAUITests;
			sourceTree = "<group>";
		};
/* End PBXGroup section */

/* Begin PBXNativeTarget section */
		848F61E328F5AB4F000E6F07 /* BOYA */ = {
			isa = PBXNativeTarget;
			buildConfigurationList = 848F620E28F5AB50000E6F07 /* Build configuration list for PBXNativeTarget "BOYA" */;
			buildPhases = (
				848F61E028F5AB4F000E6F07 /* Sources */,
				848F61E128F5AB4F000E6F07 /* Frameworks */,
				848F61E228F5AB4F000E6F07 /* Resources */,
			);
			buildRules = (
			);
			dependencies = (
			);
			name = BOYA;
			productName = BOYA;
			productReference = 848F61E428F5AB4F000E6F07 /* BOYA.app */;
			productType = "com.apple.product-type.application";
		};
		848F61F928F5AB50000E6F07 /* BOYATests */ = {
			isa = PBXNativeTarget;
			buildConfigurationList = 848F621128F5AB50000E6F07 /* Build configuration list for PBXNativeTarget "BOYATests" */;
			buildPhases = (
				848F61F628F5AB50000E6F07 /* Sources */,
				848F61F728F5AB50000E6F07 /* Frameworks */,
				848F61F828F5AB50000E6F07 /* Resources */,
			);
			buildRules = (
			);
			dependencies = (
				848F61FC28F5AB50000E6F07 /* PBXTargetDependency */,
			);
			name = BOYATests;
			productName = BOYATests;
			productReference = 848F61FA28F5AB50000E6F07 /* BOYATests.xctest */;
			productType = "com.apple.product-type.bundle.unit-test";
		};
		848F620328F5AB50000E6F07 /* BOYAUITests */ = {
			isa = PBXNativeTarget;
			buildConfigurationList = 848F621428F5AB50000E6F07 /* Build configuration list for PBXNativeTarget "BOYAUITests" */;
			buildPhases = (
				848F620028F5AB50000E6F07 /* Sources */,
				848F620128F5AB50000E6F07 /* Frameworks */,
				848F620228F5AB50000E6F07 /* Resources */,
			);
			buildRules = (
			);
			dependencies = (
				848F620628F5AB50000E6F07 /* PBXTargetDependency */,
			);
			name = BOYAUITests;
			productName = BOYAUITests;
			productReference = 848F620428F5AB50000E6F07 /* BOYAUITests.xctest */;
			productType = "com.apple.product-type.bundle.ui-testing";
		};
/* End PBXNativeTarget section */

/* Begin PBXProject section */
		848F61DC28F5AB4F000E6F07 /* Project object */ = {
			isa = PBXProject;
			attributes = {
				BuildIndependentTargetsInParallel = 1;
				LastSwiftUpdateCheck = 1340;
				LastUpgradeCheck = 1340;
				TargetAttributes = {
					848F61E328F5AB4F000E6F07 = {
						CreatedOnToolsVersion = 13.4.1;
					};
					848F61F928F5AB50000E6F07 = {
						CreatedOnToolsVersion = 13.4.1;
						TestTargetID = 848F61E328F5AB4F000E6F07;
					};
					848F620328F5AB50000E6F07 = {
						CreatedOnToolsVersion = 13.4.1;
						TestTargetID = 848F61E328F5AB4F000E6F07;
					};
				};
			};
			buildConfigurationList = 848F61DF28F5AB4F000E6F07 /* Build configuration list for PBXProject "BOYA" */;
			compatibilityVersion = "Xcode 13.0";
			developmentRegion = en;
			hasScannedForEncodings = 0;
			knownRegions = (
				en,
				Base,
			);
			mainGroup = 848F61DB28F5AB4F000E6F07;
			productRefGroup = 848F61E528F5AB4F000E6F07 /* Products */;
			projectDirPath = "";
			projectRoot = "";
			targets = (
				848F61E328F5AB4F000E6F07 /* BOYA */,
				848F61F928F5AB50000E6F07 /* BOYATests */,
				848F620328F5AB50000E6F07 /* BOYAUITests */,
			);
		};
/* End PBXProject section */

/* Begin PBXResourcesBuildPhase section */
		848F61E228F5AB4F000E6F07 /* Resources */ = {
			isa = PBXResourcesBuildPhase;
			buildActionMask = 2147483647;
			files = (
				848F61F428F5AB50000E6F07 /* LaunchScreen.storyboard in Resources */,
				848F61F128F5AB50000E6F07 /* Assets.xcassets in Resources */,
				848F61EF28F5AB4F000E6F07 /* Main.storyboard in Resources */,
			);
			runOnlyForDeploymentPostprocessing = 0;
		};
		848F61F828F5AB50000E6F07 /* Resources */ = {
			isa = PBXResourcesBuildPhase;
			buildActionMask = 2147483647;
			files = (
			);
			runOnlyForDeploymentPostprocessing = 0;
		};
		848F620228F5AB50000E6F07 /* Resources */ = {
			isa = PBXResourcesBuildPhase;
			buildActionMask = 2147483647;
			files = (
			);
			runOnlyForDeploymentPostprocessing = 0;
		};
/* End PBXResourcesBuildPhase section */

/* Begin PBXSourcesBuildPhase section */
		848F61E028F5AB4F000E6F07 /* Sources */ = {
			isa = PBXSourcesBuildPhase;
			buildActionMask = 2147483647;
			files = (
				848F61EC28F5AB4F000E6F07 /* ViewController.swift in Sources */,
				848F61E828F5AB4F000E6F07 /* AppDelegate.swift in Sources */,
				848F61EA28F5AB4F000E6F07 /* SceneDelegate.swift in Sources */,
			);
			runOnlyForDeploymentPostprocessing = 0;
		};
		848F61F628F5AB50000E6F07 /* Sources */ = {
			isa = PBXSourcesBuildPhase;
			buildActionMask = 2147483647;
			files = (
				848F61FF28F5AB50000E6F07 /* BOYATests.swift in Sources */,
			);
			runOnlyForDeploymentPostprocessing = 0;
		};
		848F620028F5AB50000E6F07 /* Sources */ = {
			isa = PBXSourcesBuildPhase;
			buildActionMask = 2147483647;
			files = (
				848F620928F5AB50000E6F07 /* BOYAUITests.swift in Sources */,
				848F620B28F5AB50000E6F07 /* BOYAUITestsLaunchTests.swift in Sources */,
			);
			runOnlyForDeploymentPostprocessing = 0;
		};
/* End PBXSourcesBuildPhase section */

/* Begin PBXTargetDependency section */
		848F61FC28F5AB50000E6F07 /* PBXTargetDependency */ = {
			isa = PBXTargetDependency;
			target = 848F61E328F5AB4F000E6F07 /* BOYA */;
			targetProxy = 848F61FB28F5AB50000E6F07 /* PBXContainerItemProxy */;
		};
		848F620628F5AB50000E6F07 /* PBXTargetDependency */ = {
			isa = PBXTargetDependency;
			target = 848F61E328F5AB4F000E6F07 /* BOYA */;
			targetProxy = 848F620528F5AB50000E6F07 /* PBXContainerItemProxy */;
		};
/* End PBXTargetDependency section */

/* Begin PBXVariantGroup section */
		848F61ED28F5AB4F000E6F07 /* Main.storyboard */ = {
			isa = PBXVariantGroup;
			children = (
				848F61EE28F5AB4F000E6F07 /* Base */,
			);
			name = Main.storyboard;
			sourceTree = "<group>";
		};
		848F61F228F5AB50000E6F07 /* LaunchScreen.storyboard */ = {
			isa = PBXVariantGroup;
			children = (
				848F61F328F5AB50000E6F07 /* Base */,
			);
			name = LaunchScreen.storyboard;
			sourceTree = "<group>";
		};
/* End PBXVariantGroup section */

/* Begin XCBuildConfiguration section */
		848F620C28F5AB50000E6F07 /* Debug */ = {
			isa = XCBuildConfiguration;
			buildSettings = {
				ALWAYS_SEARCH_USER_PATHS = NO;
				CLANG_ANALYZER_NONNULL = YES;
				CLANG_ANALYZER_NUMBER_OBJECT_CONVERSION = YES_AGGRESSIVE;
				CLANG_CXX_LANGUAGE_STANDARD = "gnu++17";
				CLANG_ENABLE_MODULES = YES;
				CLANG_ENABLE_OBJC_ARC = YES;
				CLANG_ENABLE_OBJC_WEAK = YES;
				CLANG_WARN_BLOCK_CAPTURE_AUTORELEASING = YES;
				CLANG_WARN_BOOL_CONVERSION = YES;
				CLANG_WARN_COMMA = YES;
				CLANG_WARN_CONSTANT_CONVERSION = YES;
				CLANG_WARN_DEPRECATED_OBJC_IMPLEMENTATIONS = YES;
				CLANG_WARN_DIRECT_OBJC_ISA_USAGE = YES_ERROR;
				CLANG_WARN_DOCUMENTATION_COMMENTS = YES;
				CLANG_WARN_EMPTY_BODY = YES;
				CLANG_WARN_ENUM_CONVERSION = YES;
				CLANG_WARN_INFINITE_RECURSION = YES;
				CLANG_WARN_INT_CONVERSION = YES;
				CLANG_WARN_NON_LITERAL_NULL_CONVERSION = YES;
				CLANG_WARN_OBJC_IMPLICIT_RETAIN_SELF = YES;
				CLANG_WARN_OBJC_LITERAL_CONVERSION = YES;
				CLANG_WARN_OBJC_ROOT_CLASS = YES_ERROR;
				CLANG_WARN_QUOTED_INCLUDE_IN_FRAMEWORK_HEADER = YES;
				CLANG_WARN_RANGE_LOOP_ANALYSIS = YES;
				CLANG_WARN_STRICT_PROTOTYPES = YES;
				CLANG_WARN_SUSPICIOUS_MOVE = YES;
				CLANG_WARN_UNGUARDED_AVAILABILITY = YES_AGGRESSIVE;
				CLANG_WARN_UNREACHABLE_CODE = YES;
				CLANG_WARN__DUPLICATE_METHOD_MATCH = YES;
				COPY_PHASE_STRIP = NO;
				DEBUG_INFORMATION_FORMAT = dwarf;
				ENABLE_STRICT_OBJC_MSGSEND = YES;
				ENABLE_TESTABILITY = YES;
				GCC_C_LANGUAGE_STANDARD = gnu11;
				GCC_DYNAMIC_NO_PIC = NO;
				GCC_NO_COMMON_BLOCKS = YES;
				GCC_OPTIMIZATION_LEVEL = 0;
				GCC_PREPROCESSOR_DEFINITIONS = (
					"DEBUG=1",
					"$(inherited)",
				);
				GCC_WARN_64_TO_32_BIT_CONVERSION = YES;
				GCC_WARN_ABOUT_RETURN_TYPE = YES_ERROR;
				GCC_WARN_UNDECLARED_SELECTOR = YES;
				GCC_WARN_UNINITIALIZED_AUTOS = YES_AGGRESSIVE;
				GCC_WARN_UNUSED_FUNCTION = YES;
				GCC_WARN_UNUSED_VARIABLE = YES;
				IPHONEOS_DEPLOYMENT_TARGET = 15.5;
				MTL_ENABLE_DEBUG_INFO = INCLUDE_SOURCE;
				MTL_FAST_MATH = YES;
				ONLY_ACTIVE_ARCH = YES;
				SDKROOT = iphoneos;
				SWIFT_ACTIVE_COMPILATION_CONDITIONS = DEBUG;
				SWIFT_OPTIMIZATION_LEVEL = "-Onone";
			};
			name = Debug;
		};
		848F620D28F5AB50000E6F07 /* Release */ = {
			isa = XCBuildConfiguration;
			buildSettings = {
				ALWAYS_SEARCH_USER_PATHS = NO;
				CLANG_ANALYZER_NONNULL = YES;
				CLANG_ANALYZER_NUMBER_OBJECT_CONVERSION = YES_AGGRESSIVE;
				CLANG_CXX_LANGUAGE_STANDARD = "gnu++17";
				CLANG_ENABLE_MODULES = YES;
				CLANG_ENABLE_OBJC_ARC = YES;
				CLANG_ENABLE_OBJC_WEAK = YES;
				CLANG_WARN_BLOCK_CAPTURE_AUTORELEASING = YES;
				CLANG_WARN_BOOL_CONVERSION = YES;
				CLANG_WARN_COMMA = YES;
				CLANG_WARN_CONSTANT_CONVERSION = YES;
				CLANG_WARN_DEPRECATED_OBJC_IMPLEMENTATIONS = YES;
				CLANG_WARN_DIRECT_OBJC_ISA_USAGE = YES_ERROR;
				CLANG_WARN_DOCUMENTATION_COMMENTS = YES;
				CLANG_WARN_EMPTY_BODY = YES;
				CLANG_WARN_ENUM_CONVERSION = YES;
				CLANG_WARN_INFINITE_RECURSION = YES;
				CLANG_WARN_INT_CONVERSION = YES;
				CLANG_WARN_NON_LITERAL_NULL_CONVERSION = YES;
				CLANG_WARN_OBJC_IMPLICIT_RETAIN_SELF = YES;
				CLANG_WARN_OBJC_LITERAL_CONVERSION = YES;
				CLANG_WARN_OBJC_ROOT_CLASS = YES_ERROR;
				CLANG_WARN_QUOTED_INCLUDE_IN_FRAMEWORK_HEADER = YES;
				CLANG_WARN_RANGE_LOOP_ANALYSIS = YES;
				CLANG_WARN_STRICT_PROTOTYPES = YES;
				CLANG_WARN_SUSPICIOUS_MOVE = YES;
				CLANG_WARN_UNGUARDED_AVAILABILITY = YES_AGGRESSIVE;
				CLANG_WARN_UNREACHABLE_CODE = YES;
				CLANG_WARN__DUPLICATE_METHOD_MATCH = YES;
				COPY_PHASE_STRIP = NO;
				DEBUG_INFORMATION_FORMAT = "dwarf-with-dsym";
				ENABLE_NS_ASSERTIONS = NO;
				ENABLE_STRICT_OBJC_MSGSEND = YES;
				GCC_C_LANGUAGE_STANDARD = gnu11;
				GCC_NO_COMMON_BLOCKS = YES;
				GCC_WARN_64_TO_32_BIT_CONVERSION = YES;
				GCC_WARN_ABOUT_RETURN_TYPE = YES_ERROR;
				GCC_WARN_UNDECLARED_SELECTOR = YES;
				GCC_WARN_UNINITIALIZED_AUTOS = YES_AGGRESSIVE;
				GCC_WARN_UNUSED_FUNCTION = YES;
				GCC_WARN_UNUSED_VARIABLE = YES;
				IPHONEOS_DEPLOYMENT_TARGET = 15.5;
				MTL_ENABLE_DEBUG_INFO = NO;
				MTL_FAST_MATH = YES;
				SDKROOT = iphoneos;
				SWIFT_COMPILATION_MODE = wholemodule;
				SWIFT_OPTIMIZATION_LEVEL = "-O";
				VALIDATE_PRODUCT = YES;
			};
			name = Release;
		};
		848F620F28F5AB50000E6F07 /* Debug */ = {
			isa = XCBuildConfiguration;
			buildSettings = {
				ASSETCATALOG_COMPILER_APPICON_NAME = AppIcon;
				ASSETCATALOG_COMPILER_GLOBAL_ACCENT_COLOR_NAME = AccentColor;
				CODE_SIGN_STYLE = Automatic;
				CURRENT_PROJECT_VERSION = 1;
				DEVELOPMENT_TEAM = DZ3TA47N89;
				GENERATE_INFOPLIST_FILE = YES;
				INFOPLIST_FILE = BOYA/Info.plist;
				INFOPLIST_KEY_UIApplicationSupportsIndirectInputEvents = YES;
				INFOPLIST_KEY_UILaunchStoryboardName = LaunchScreen;
				INFOPLIST_KEY_UIMainStoryboardFile = Main;
				INFOPLIST_KEY_UISupportedInterfaceOrientations_iPad = "UIInterfaceOrientationPortrait UIInterfaceOrientationPortraitUpsideDown UIInterfaceOrientationLandscapeLeft UIInterfaceOrientationLandscapeRight";
				INFOPLIST_KEY_UISupportedInterfaceOrientations_iPhone = "UIInterfaceOrientationPortrait UIInterfaceOrientationLandscapeLeft UIInterfaceOrientationLandscapeRight";
				LD_RUNPATH_SEARCH_PATHS = (
					"$(inherited)",
					"@executable_path/Frameworks",
				);
				MARKETING_VERSION = 1.0;
				PRODUCT_BUNDLE_IDENTIFIER = org.d127.240385.BOYA;
				PRODUCT_NAME = "$(TARGET_NAME)";
				SWIFT_EMIT_LOC_STRINGS = YES;
				SWIFT_VERSION = 5.0;
				TARGETED_DEVICE_FAMILY = "1,2";
			};
			name = Debug;
		};
		848F621028F5AB50000E6F07 /* Release */ = {
			isa = XCBuildConfiguration;
			buildSettings = {
				ASSETCATALOG_COMPILER_APPICON_NAME = AppIcon;
				ASSETCATALOG_COMPILER_GLOBAL_ACCENT_COLOR_NAME = AccentColor;
				CODE_SIGN_STYLE = Automatic;
				CURRENT_PROJECT_VERSION = 1;
				DEVELOPMENT_TEAM = DZ3TA47N89;
				GENERATE_INFOPLIST_FILE = YES;
				INFOPLIST_FILE = BOYA/Info.plist;
				INFOPLIST_KEY_UIApplicationSupportsIndirectInputEvents = YES;
				INFOPLIST_KEY_UILaunchStoryboardName = LaunchScreen;
				INFOPLIST_KEY_UIMainStoryboardFile = Main;
				INFOPLIST_KEY_UISupportedInterfaceOrientations_iPad = "UIInterfaceOrientationPortrait UIInterfaceOrientationPortraitUpsideDown UIInterfaceOrientationLandscapeLeft UIInterfaceOrientationLandscapeRight";
				INFOPLIST_KEY_UISupportedInterfaceOrientations_iPhone = "UIInterfaceOrientationPortrait UIInterfaceOrientationLandscapeLeft UIInterfaceOrientationLandscapeRight";
				LD_RUNPATH_SEARCH_PATHS = (
					"$(inherited)",
					"@executable_path/Frameworks",
				);
				MARKETING_VERSION = 1.0;
				PRODUCT_BUNDLE_IDENTIFIER = org.d127.240385.BOYA;
				PRODUCT_NAME = "$(TARGET_NAME)";
				SWIFT_EMIT_LOC_STRINGS = YES;
				SWIFT_VERSION = 5.0;
				TARGETED_DEVICE_FAMILY = "1,2";
			};
			name = Release;
		};
		848F621228F5AB50000E6F07 /* Debug */ = {
			isa = XCBuildConfiguration;
			buildSettings = {
				ALWAYS_EMBED_SWIFT_STANDARD_LIBRARIES = YES;
				BUNDLE_LOADER = "$(TEST_HOST)";
				CODE_SIGN_STYLE = Automatic;
				CURRENT_PROJECT_VERSION = 1;
				DEVELOPMENT_TEAM = DZ3TA47N89;
				GENERATE_INFOPLIST_FILE = YES;
				IPHONEOS_DEPLOYMENT_TARGET = 15.5;
				MARKETING_VERSION = 1.0;
				PRODUCT_BUNDLE_IDENTIFIER = org.d127.240385.BOYATests;
				PRODUCT_NAME = "$(TARGET_NAME)";
				SWIFT_EMIT_LOC_STRINGS = NO;
				SWIFT_VERSION = 5.0;
				TARGETED_DEVICE_FAMILY = "1,2";
				TEST_HOST = "$(BUILT_PRODUCTS_DIR)/BOYA.app/BOYA";
			};
			name = Debug;
		};
		848F621328F5AB50000E6F07 /* Release */ = {
			isa = XCBuildConfiguration;
			buildSettings = {
				ALWAYS_EMBED_SWIFT_STANDARD_LIBRARIES = YES;
				BUNDLE_LOADER = "$(TEST_HOST)";
				CODE_SIGN_STYLE = Automatic;
				CURRENT_PROJECT_VERSION = 1;
				DEVELOPMENT_TEAM = DZ3TA47N89;
				GENERATE_INFOPLIST_FILE = YES;
				IPHONEOS_DEPLOYMENT_TARGET = 15.5;
				MARKETING_VERSION = 1.0;
				PRODUCT_BUNDLE_IDENTIFIER = org.d127.240385.BOYATests;
				PRODUCT_NAME = "$(TARGET_NAME)";
				SWIFT_EMIT_LOC_STRINGS = NO;
				SWIFT_VERSION = 5.0;
				TARGETED_DEVICE_FAMILY = "1,2";
				TEST_HOST = "$(BUILT_PRODUCTS_DIR)/BOYA.app/BOYA";
			};
			name = Release;
		};
		848F621528F5AB50000E6F07 /* Debug */ = {
			isa = XCBuildConfiguration;
			buildSettings = {
				ALWAYS_EMBED_SWIFT_STANDARD_LIBRARIES = YES;
				CODE_SIGN_STYLE = Automatic;
				CURRENT_PROJECT_VERSION = 1;
				DEVELOPMENT_TEAM = DZ3TA47N89;
				GENERATE_INFOPLIST_FILE = YES;
				MARKETING_VERSION = 1.0;
				PRODUCT_BUNDLE_IDENTIFIER = org.d127.240385.BOYAUITests;
				PRODUCT_NAME = "$(TARGET_NAME)";
				SWIFT_EMIT_LOC_STRINGS = NO;
				SWIFT_VERSION = 5.0;
				TARGETED_DEVICE_FAMILY = "1,2";
				TEST_TARGET_NAME = BOYA;
			};
			name = Debug;
		};
		848F621628F5AB50000E6F07 /* Release */ = {
			isa = XCBuildConfiguration;
			buildSettings = {
				ALWAYS_EMBED_SWIFT_STANDARD_LIBRARIES = YES;
				CODE_SIGN_STYLE = Automatic;
				CURRENT_PROJECT_VERSION = 1;
				DEVELOPMENT_TEAM = DZ3TA47N89;
				GENERATE_INFOPLIST_FILE = YES;
				MARKETING_VERSION = 1.0;
				PRODUCT_BUNDLE_IDENTIFIER = org.d127.240385.BOYAUITests;
				PRODUCT_NAME = "$(TARGET_NAME)";
				SWIFT_EMIT_LOC_STRINGS = NO;
				SWIFT_VERSION = 5.0;
				TARGETED_DEVICE_FAMILY = "1,2";
				TEST_TARGET_NAME = BOYA;
			};
			name = Release;
		};
/* End XCBuildConfiguration section */

/* Begin XCConfigurationList section */
		848F61DF28F5AB4F000E6F07 /* Build configuration list for PBXProject "BOYA" */ = {
			isa = XCConfigurationList;
			buildConfigurations = (
				848F620C28F5AB50000E6F07 /* Debug */,
				848F620D28F5AB50000E6F07 /* Release */,
			);
			defaultConfigurationIsVisible = 0;
			defaultConfigurationName = Release;
		};
		848F620E28F5AB50000E6F07 /* Build configuration list for PBXNativeTarget "BOYA" */ = {
			isa = XCConfigurationList;
			buildConfigurations = (
				848F620F28F5AB50000E6F07 /* Debug */,
				848F621028F5AB50000E6F07 /* Release */,
			);
			defaultConfigurationIsVisible = 0;
			defaultConfigurationName = Release;
		};
		848F621128F5AB50000E6F07 /* Build configuration list for PBXNativeTarget "BOYATests" */ = {
			isa = XCConfigurationList;
			buildConfigurations = (
				848F621228F5AB50000E6F07 /* Debug */,
				848F621328F5AB50000E6F07 /* Release */,
			);
			defaultConfigurationIsVisible = 0;
			defaultConfigurationName = Release;
		};
		848F621428F5AB50000E6F07 /* Build configuration list for PBXNativeTarget "BOYAUITests" */ = {
			isa = XCConfigurationList;
			buildConfigurations = (
				848F621528F5AB50000E6F07 /* Debug */,
				848F621628F5AB50000E6F07 /* Release */,
			);
			defaultConfigurationIsVisible = 0;
			defaultConfigurationName = Release;
		};
/* End XCConfigurationList section */
	};
	rootObject = 848F61DC28F5AB4F000E6F07 /* Project object */;
}
